
Microsoft Visual Studio Solution File, Format Version 12.00
# Visual Studio Version 17
VisualStudioVersion = 17.11.35222.181
MinimumVisualStudioVersion = 10.0.40219.1
Project("{FAE04EC0-301F-11D3-BF4B-00C04F79EFBC}") = "WebAPI", "WebAPI\WebAPI.csproj", "{7D336794-0B38-423B-AB25-8086A5F8C881}"
EndProject
Global
	GlobalSection(SolutionConfigurationPlatforms) = preSolution
		Debug|Any CPU = Debug|Any CPU
		Release|Any CPU = Release|Any CPU
	EndGlobalSection
	GlobalSection(ProjectConfigurationPlatforms) = postSolution
		{7D336794-0B38-423B-AB25-8086A5F8C881}.Debug|Any CPU.ActiveCfg = Debug|Any CPU
		{7D336794-0B38-423B-AB25-8086A5F8C881}.Debug|Any CPU.Build.0 = Debug|Any CPU
		{7D336794-0B38-423B-AB25-8086A5F8C881}.Release|Any CPU.ActiveCfg = Release|Any CPU
		{7D336794-0B38-423B-AB25-8086A5F8C881}.Release|Any CPU.Build.0 = Release|Any CPU
	EndGlobalSection
	GlobalSection(SolutionProperties) = preSolution
		HideSolutionNode = FALSE
	EndGlobalSection
	GlobalSection(ExtensibilityGlobals) = postSolution
		SolutionGuid = {A86A1538-663B-42C9-8213-C84BEEF8545D}
	EndGlobalSection
EndGlobal
