<?xml version="1.0" encoding="utf-8"?>
<Project ToolsVersion="4.0" xmlns="http://schemas.microsoft.com/developer/msbuild/2003">
  <ItemGroup>
    <Filter Include="소스 파일">
      <UniqueIdentifier>{4FC737F1-C7A5-4376-A066-2A32D752A2FF}</UniqueIdentifier>
      <Extensions>cpp;c;cc;cxx;c++;cppm;ixx;def;odl;idl;hpj;bat;asm;asmx</Extensions>
    </Filter>
    <Filter Include="헤더 파일">
      <UniqueIdentifier>{93995380-89BD-4b04-88EB-625FBE52EBFB}</UniqueIdentifier>
      <Extensions>h;hh;hpp;hxx;h++;hm;inl;inc;ipp;xsd</Extensions>
    </Filter>
    <Filter Include="Comment">
      <UniqueIdentifier>{caf801c7-0045-4a85-9205-d57711f36e0a}</UniqueIdentifier>
    </Filter>
  </ItemGroup>
  <ItemGroup>
    <ClCompile Include="PathFound.cpp">
      <Filter>소스 파일</Filter>
    </ClCompile>
    <ClCompile Include="Vector2Int.cpp">
      <Filter>소스 파일</Filter>
    </ClCompile>
    <ClCompile Include="pch.cpp">
      <Filter>소스 파일</Filter>
    </ClCompile>
    <ClCompile Include="Graph.cpp">
      <Filter>소스 파일</Filter>
    </ClCompile>
    <ClCompile Include="ConsoleHelper.cpp">
      <Filter>소스 파일</Filter>
    </ClCompile>
    <ClCompile Include="Board.cpp">
      <Filter>소스 파일</Filter>
    </ClCompile>
    <ClCompile Include="MazeMain.cpp">
      <Filter>소스 파일</Filter>
    </ClCompile>
  </ItemGroup>
  <ItemGroup>
    <ClInclude Include="Vector2Int.h">
      <Filter>소스 파일</Filter>
    </ClInclude>
    <ClInclude Include="pch.h">
      <Filter>소스 파일</Filter>
    </ClInclude>
    <ClInclude Include="Types.h">
      <Filter>소스 파일</Filter>
    </ClInclude>
    <ClInclude Include="Graph.h">
      <Filter>소스 파일</Filter>
    </ClInclude>
    <ClInclude Include="ConsoleHelper.h">
      <Filter>소스 파일</Filter>
    </ClInclude>
    <ClInclude Include="Board.h">
      <Filter>소스 파일</Filter>
    </ClInclude>
  </ItemGroup>
  <ItemGroup>
    <None Include="Comment01.md">
      <Filter>Comment</Filter>
    </None>
    <None Include="Comment02[정점세팅].md">
      <Filter>Comment</Filter>
    </None>
    <None Include="Comment03.md">
      <Filter>Comment</Filter>
    </None>
    <None Include="Comment04.md">
      <Filter>Comment</Filter>
    </None>
    <None Include="Comment05.md">
      <Filter>Comment</Filter>
    </None>
  </ItemGroup>
</Project>