
Microsoft Visual Studio Solution File, Format Version 12.00
# Visual Studio Version 17
VisualStudioVersion = 17.11.35222.181
MinimumVisualStudioVersion = 10.0.40219.1
Project("{FAE04EC0-301F-11D3-BF4B-00C04F79EFBC}") = "CSharp_Day51", "CSharp_Day51\CSharp_Day51.csproj", "{31DF013D-426B-4656-8FCB-7BABC33EF91B}"
EndProject
Global
	GlobalSection(SolutionConfigurationPlatforms) = preSolution
		Debug|Any CPU = Debug|Any CPU
		Release|Any CPU = Release|Any CPU
	EndGlobalSection
	GlobalSection(ProjectConfigurationPlatforms) = postSolution
		{31DF013D-426B-4656-8FCB-7BABC33EF91B}.Debug|Any CPU.ActiveCfg = Debug|Any CPU
		{31DF013D-426B-4656-8FCB-7BABC33EF91B}.Debug|Any CPU.Build.0 = Debug|Any CPU
		{31DF013D-426B-4656-8FCB-7BABC33EF91B}.Release|Any CPU.ActiveCfg = Release|Any CPU
		{31DF013D-426B-4656-8FCB-7BABC33EF91B}.Release|Any CPU.Build.0 = Release|Any CPU
	EndGlobalSection
	GlobalSection(SolutionProperties) = preSolution
		HideSolutionNode = FALSE
	EndGlobalSection
	GlobalSection(ExtensibilityGlobals) = postSolution
		SolutionGuid = {06BC288A-AB3D-4498-8140-650EAAC23BDD}
	EndGlobalSection
EndGlobal
