
Microsoft Visual Studio Solution File, Format Version 12.00
# Visual Studio Version 17
VisualStudioVersion = 17.11.35222.181
MinimumVisualStudioVersion = 10.0.40219.1
Project("{9A19103F-16F7-4668-BE54-9A1E7A4F7556}") = "CSharp_Day37", "CSharp_Day37\CSharp_Day37.csproj", "{502E69F2-AAE1-42DD-A3B1-F1306AC3244F}"
EndProject
Project("{FAE04EC0-301F-11D3-BF4B-00C04F79EFBC}") = "Comment", "Comment\Comment.csproj", "{05C0900F-D93C-4D4A-82A9-513199FF609D}"
EndProject
Project("{FAE04EC0-301F-11D3-BF4B-00C04F79EFBC}") = "CSharp_Day38", "..\CSharp_Day38\CSharp_Day38.csproj", "{23B275CC-27E9-45B6-9421-E28C6338A8CC}"
EndProject
Global
	GlobalSection(SolutionConfigurationPlatforms) = preSolution
		Debug|Any CPU = Debug|Any CPU
		Release|Any CPU = Release|Any CPU
	EndGlobalSection
	GlobalSection(ProjectConfigurationPlatforms) = postSolution
		{502E69F2-AAE1-42DD-A3B1-F1306AC3244F}.Debug|Any CPU.ActiveCfg = Debug|Any CPU
		{502E69F2-AAE1-42DD-A3B1-F1306AC3244F}.Debug|Any CPU.Build.0 = Debug|Any CPU
		{502E69F2-AAE1-42DD-A3B1-F1306AC3244F}.Release|Any CPU.ActiveCfg = Release|Any CPU
		{502E69F2-AAE1-42DD-A3B1-F1306AC3244F}.Release|Any CPU.Build.0 = Release|Any CPU
		{05C0900F-D93C-4D4A-82A9-513199FF609D}.Debug|Any CPU.ActiveCfg = Debug|Any CPU
		{05C0900F-D93C-4D4A-82A9-513199FF609D}.Debug|Any CPU.Build.0 = Debug|Any CPU
		{05C0900F-D93C-4D4A-82A9-513199FF609D}.Release|Any CPU.ActiveCfg = Release|Any CPU
		{05C0900F-D93C-4D4A-82A9-513199FF609D}.Release|Any CPU.Build.0 = Release|Any CPU
		{23B275CC-27E9-45B6-9421-E28C6338A8CC}.Debug|Any CPU.ActiveCfg = Debug|Any CPU
		{23B275CC-27E9-45B6-9421-E28C6338A8CC}.Debug|Any CPU.Build.0 = Debug|Any CPU
		{23B275CC-27E9-45B6-9421-E28C6338A8CC}.Release|Any CPU.ActiveCfg = Release|Any CPU
		{23B275CC-27E9-45B6-9421-E28C6338A8CC}.Release|Any CPU.Build.0 = Release|Any CPU
	EndGlobalSection
	GlobalSection(SolutionProperties) = preSolution
		HideSolutionNode = FALSE
	EndGlobalSection
	GlobalSection(ExtensibilityGlobals) = postSolution
		SolutionGuid = {53801293-A36D-4AB4-967C-BFDA91628159}
	EndGlobalSection
EndGlobal
