<?xml version="1.0" encoding="utf-8"?>
<Project ToolsVersion="4.0" xmlns="http://schemas.microsoft.com/developer/msbuild/2003">
  <ItemGroup>
    <Filter Include="리소스 파일">
      <UniqueIdentifier>{67DA6AB6-F800-4c08-8B7A-83BB121AAD01}</UniqueIdentifier>
      <Extensions>rc;ico;cur;bmp;dlg;rc2;rct;bin;rgs;gif;jpg;jpeg;jpe;resx;tiff;tif;png;wav;mfcribbon-ms</Extensions>
    </Filter>
    <Filter Include="Comment">
      <UniqueIdentifier>{267fd04e-4c7f-4eff-aaf6-e69d21bba44e}</UniqueIdentifier>
    </Filter>
    <Filter Include="00.MainGame">
      <UniqueIdentifier>{12794e67-d89f-4143-b180-113b96ae03e1}</UniqueIdentifier>
    </Filter>
    <Filter Include="99.Uits">
      <UniqueIdentifier>{339fb7cc-c8ae-4b98-b193-1101dc4e6b1b}</UniqueIdentifier>
    </Filter>
    <Filter Include="99.Uits\Types">
      <UniqueIdentifier>{e2036388-15ea-4de8-a8cd-6c4e83a8568d}</UniqueIdentifier>
    </Filter>
    <Filter Include="01.Managers">
      <UniqueIdentifier>{e8850c16-afd3-4702-a269-010d13cee562}</UniqueIdentifier>
    </Filter>
    <Filter Include="02.Objects">
      <UniqueIdentifier>{55203636-1485-42e0-999f-cbdfccdf1b26}</UniqueIdentifier>
    </Filter>
    <Filter Include="03.Scenes">
      <UniqueIdentifier>{a2533faf-ed59-488d-b7be-db9d8c8840df}</UniqueIdentifier>
    </Filter>
    <Filter Include="03.Scenes\Game">
      <UniqueIdentifier>{213eaa57-0ed4-4d63-8d18-64d79558a508}</UniqueIdentifier>
    </Filter>
    <Filter Include="04.Resources">
      <UniqueIdentifier>{8e4af0d9-4b57-4297-9ec3-384c92b61c51}</UniqueIdentifier>
    </Filter>
    <Filter Include="02.Objects\Day17">
      <UniqueIdentifier>{3485fb99-c4b5-49c0-9177-9a289716925d}</UniqueIdentifier>
    </Filter>
    <Filter Include="02.Objects\Day19">
      <UniqueIdentifier>{2f8e2eb3-5a2b-4f29-b10d-4e8174992134}</UniqueIdentifier>
    </Filter>
    <Filter Include="05.Component">
      <UniqueIdentifier>{fba1eb9a-b08f-4da0-9aca-86c4ad3f7a4e}</UniqueIdentifier>
    </Filter>
    <Filter Include="02.Objects\Day21">
      <UniqueIdentifier>{99b5dc0c-940c-4761-b742-74d75fb522e7}</UniqueIdentifier>
    </Filter>
  </ItemGroup>
  <ItemGroup>
    <ClCompile Include="WindowsMain.cpp">
      <Filter>00.MainGame</Filter>
    </ClCompile>
    <ClCompile Include="CommonFunction.cpp">
      <Filter>99.Uits</Filter>
    </ClCompile>
    <ClCompile Include="pch.cpp">
      <Filter>99.Uits</Filter>
    </ClCompile>
    <ClCompile Include="CenterRect.cpp">
      <Filter>99.Uits\Types</Filter>
    </ClCompile>
    <ClCompile Include="Vector2.cpp">
      <Filter>99.Uits\Types</Filter>
    </ClCompile>
    <ClCompile Include="Game.cpp">
      <Filter>00.MainGame</Filter>
    </ClCompile>
    <ClCompile Include="InputManager.cpp">
      <Filter>01.Managers</Filter>
    </ClCompile>
    <ClCompile Include="TimeManager.cpp">
      <Filter>01.Managers</Filter>
    </ClCompile>
    <ClCompile Include="Scene.cpp">
      <Filter>03.Scenes</Filter>
    </ClCompile>
    <ClCompile Include="SceneManager.cpp">
      <Filter>01.Managers</Filter>
    </ClCompile>
    <ClCompile Include="DevScene.cpp">
      <Filter>03.Scenes\Game</Filter>
    </ClCompile>
    <ClCompile Include="Day17Scene.cpp">
      <Filter>03.Scenes\Game</Filter>
    </ClCompile>
    <ClCompile Include="Day18Scene.cpp">
      <Filter>03.Scenes\Game</Filter>
    </ClCompile>
    <ClCompile Include="ResourceManager.cpp">
      <Filter>01.Managers</Filter>
    </ClCompile>
    <ClCompile Include="ResourceBase.cpp">
      <Filter>04.Resources</Filter>
    </ClCompile>
    <ClCompile Include="Texture.cpp">
      <Filter>04.Resources</Filter>
    </ClCompile>
    <ClCompile Include="Vector2int.cpp">
      <Filter>99.Uits\Types</Filter>
    </ClCompile>
    <ClCompile Include="Day19Scene.cpp">
      <Filter>03.Scenes\Game</Filter>
    </ClCompile>
    <ClCompile Include="Sprite.cpp">
      <Filter>04.Resources</Filter>
    </ClCompile>
    <ClCompile Include="Day17Box.cpp">
      <Filter>02.Objects\Day17</Filter>
    </ClCompile>
    <ClCompile Include="Day17Player.cpp">
      <Filter>02.Objects\Day17</Filter>
    </ClCompile>
    <ClCompile Include="Day19Stone.cpp">
      <Filter>02.Objects\Day19</Filter>
    </ClCompile>
    <ClCompile Include="Day20Scene.cpp">
      <Filter>03.Scenes\Game</Filter>
    </ClCompile>
    <ClCompile Include="RandomManager.cpp">
      <Filter>01.Managers</Filter>
    </ClCompile>
    <ClCompile Include="Component.cpp">
      <Filter>05.Component</Filter>
    </ClCompile>
    <ClCompile Include="GameObject.cpp">
      <Filter>02.Objects</Filter>
    </ClCompile>
    <ClCompile Include="Day21Scene.cpp">
      <Filter>03.Scenes\Game</Filter>
    </ClCompile>
    <ClCompile Include="Day21Paddle.cpp">
      <Filter>02.Objects\Day21</Filter>
    </ClCompile>
    <ClCompile Include="SpriteRenderer.cpp">
      <Filter>05.Component</Filter>
    </ClCompile>
    <ClCompile Include="Day21Ball.cpp">
      <Filter>02.Objects\Day21</Filter>
    </ClCompile>
    <ClCompile Include="Collider.cpp">
      <Filter>05.Component</Filter>
    </ClCompile>
    <ClCompile Include="CollisionManager.cpp">
      <Filter>01.Managers</Filter>
    </ClCompile>
    <ClCompile Include="Day22Scene.cpp">
      <Filter>03.Scenes\Game</Filter>
    </ClCompile>
    <ClCompile Include="BoxCollider.cpp">
      <Filter>05.Component</Filter>
    </ClCompile>
    <ClCompile Include="Day21Brick.cpp">
      <Filter>02.Objects\Day21</Filter>
    </ClCompile>
    <ClCompile Include="BoxRenderer.cpp">
      <Filter>05.Component</Filter>
    </ClCompile>
    <ClCompile Include="Flipbook.cpp">
      <Filter>04.Resources</Filter>
    </ClCompile>
    <ClCompile Include="Day23Scene.cpp">
      <Filter>03.Scenes\Game</Filter>
    </ClCompile>
    <ClCompile Include="FlipbookRenderer.cpp">
      <Filter>05.Component</Filter>
    </ClCompile>
    <ClCompile Include="Day24Scene.cpp">
      <Filter>03.Scenes\Game</Filter>
    </ClCompile>
  </ItemGroup>
  <ItemGroup>
    <None Include="Comment01.md">
      <Filter>Comment</Filter>
    </None>
    <None Include="Comment02.md">
      <Filter>Comment</Filter>
    </None>
    <None Include="Comment03.md">
      <Filter>Comment</Filter>
    </None>
    <None Include="Comment04.md">
      <Filter>Comment</Filter>
    </None>
    <None Include="Comment07.md">
      <Filter>Comment</Filter>
    </None>
    <None Include="Comment08.md">
      <Filter>Comment</Filter>
    </None>
    <None Include="Comment09.md">
      <Filter>Comment</Filter>
    </None>
    <None Include="Comment05.md">
      <Filter>Comment</Filter>
    </None>
    <None Include="Comment06.md">
      <Filter>Comment</Filter>
    </None>
    <None Include="Comment10.md">
      <Filter>Comment</Filter>
    </None>
    <None Include="Comment11.md">
      <Filter>Comment</Filter>
    </None>
    <None Include="Comment12.md">
      <Filter>Comment</Filter>
    </None>
    <None Include="Comment13.md">
      <Filter>Comment</Filter>
    </None>
    <None Include="Comment14.md">
      <Filter>Comment</Filter>
    </None>
    <None Include="Comment15.md">
      <Filter>Comment</Filter>
    </None>
    <None Include="Comment16.md">
      <Filter>Comment</Filter>
    </None>
    <None Include="Comment17.md">
      <Filter>Comment</Filter>
    </None>
    <None Include="Comment18.md">
      <Filter>Comment</Filter>
    </None>
    <None Include="Comment19.md">
      <Filter>Comment</Filter>
    </None>
  </ItemGroup>
  <ItemGroup>
    <ClInclude Include="pch.h">
      <Filter>99.Uits</Filter>
    </ClInclude>
    <ClInclude Include="CommonFunction.h">
      <Filter>99.Uits</Filter>
    </ClInclude>
    <ClInclude Include="Defines.h">
      <Filter>99.Uits</Filter>
    </ClInclude>
    <ClInclude Include="CenterRect.h">
      <Filter>99.Uits\Types</Filter>
    </ClInclude>
    <ClInclude Include="Vector2.h">
      <Filter>99.Uits\Types</Filter>
    </ClInclude>
    <ClInclude Include="Game.h">
      <Filter>00.MainGame</Filter>
    </ClInclude>
    <ClInclude Include="InputManager.h">
      <Filter>01.Managers</Filter>
    </ClInclude>
    <ClInclude Include="Types.h">
      <Filter>99.Uits\Types</Filter>
    </ClInclude>
    <ClInclude Include="TimeManager.h">
      <Filter>01.Managers</Filter>
    </ClInclude>
    <ClInclude Include="Scene.h">
      <Filter>03.Scenes</Filter>
    </ClInclude>
    <ClInclude Include="SceneManager.h">
      <Filter>01.Managers</Filter>
    </ClInclude>
    <ClInclude Include="Enums.h">
      <Filter>99.Uits</Filter>
    </ClInclude>
    <ClInclude Include="DevScene.h">
      <Filter>03.Scenes\Game</Filter>
    </ClInclude>
    <ClInclude Include="Day17Scene.h">
      <Filter>03.Scenes\Game</Filter>
    </ClInclude>
    <ClInclude Include="Day18Scene.h">
      <Filter>03.Scenes\Game</Filter>
    </ClInclude>
    <ClInclude Include="ResourceManager.h">
      <Filter>01.Managers</Filter>
    </ClInclude>
    <ClInclude Include="ResourceBase.h">
      <Filter>04.Resources</Filter>
    </ClInclude>
    <ClInclude Include="Texture.h">
      <Filter>04.Resources</Filter>
    </ClInclude>
    <ClInclude Include="Vector2int.h">
      <Filter>99.Uits\Types</Filter>
    </ClInclude>
    <ClInclude Include="Day19Scene.h">
      <Filter>03.Scenes\Game</Filter>
    </ClInclude>
    <ClInclude Include="Sprite.h">
      <Filter>04.Resources</Filter>
    </ClInclude>
    <ClInclude Include="Day17Box.h">
      <Filter>02.Objects\Day17</Filter>
    </ClInclude>
    <ClInclude Include="Day17Player.h">
      <Filter>02.Objects\Day17</Filter>
    </ClInclude>
    <ClInclude Include="Day19Stone.h">
      <Filter>02.Objects\Day19</Filter>
    </ClInclude>
    <ClInclude Include="Day20Scene.h">
      <Filter>03.Scenes\Game</Filter>
    </ClInclude>
    <ClInclude Include="RandomManager.h">
      <Filter>01.Managers</Filter>
    </ClInclude>
    <ClInclude Include="Component.h">
      <Filter>05.Component</Filter>
    </ClInclude>
    <ClInclude Include="GameObject.h">
      <Filter>02.Objects</Filter>
    </ClInclude>
    <ClInclude Include="Day21Scene.h">
      <Filter>03.Scenes\Game</Filter>
    </ClInclude>
    <ClInclude Include="Day21Paddle.h">
      <Filter>02.Objects\Day21</Filter>
    </ClInclude>
    <ClInclude Include="SpriteRenderer.h">
      <Filter>05.Component</Filter>
    </ClInclude>
    <ClInclude Include="Day21Ball.h">
      <Filter>02.Objects\Day21</Filter>
    </ClInclude>
    <ClInclude Include="Collider.h">
      <Filter>05.Component</Filter>
    </ClInclude>
    <ClInclude Include="CollisionManager.h">
      <Filter>01.Managers</Filter>
    </ClInclude>
    <ClInclude Include="Day22Scene.h">
      <Filter>03.Scenes\Game</Filter>
    </ClInclude>
    <ClInclude Include="BoxCollider.h">
      <Filter>05.Component</Filter>
    </ClInclude>
    <ClInclude Include="Day21Brick.h">
      <Filter>02.Objects\Day21</Filter>
    </ClInclude>
    <ClInclude Include="BoxRenderer.h">
      <Filter>05.Component</Filter>
    </ClInclude>
    <ClInclude Include="Flipbook.h">
      <Filter>04.Resources</Filter>
    </ClInclude>
    <ClInclude Include="Day23Scene.h">
      <Filter>03.Scenes\Game</Filter>
    </ClInclude>
    <ClInclude Include="FlipbookRenderer.h">
      <Filter>05.Component</Filter>
    </ClInclude>
    <ClInclude Include="Day24Scene.h">
      <Filter>03.Scenes\Game</Filter>
    </ClInclude>
  </ItemGroup>
</Project>